// !$*UTF8*$!
{
	archiveVersion = 1;
	classes = {
	};
	objectVersion = 56;
	objects = {

/* Begin PBXBuildFile section */
		5A262D6329F6CE0600FEFE3B /* BasicCoreDataCamera.swift in Sources */ = {isa = PBXBuildFile; fileRef = 5A262D6229F6CE0600FEFE3B /* BasicCoreDataCamera.swift */; };
		5A262D6529F6CE0600FEFE3B /* ContentView.swift in Sources */ = {isa = PBXBuildFile; fileRef = 5A262D6429F6CE0600FEFE3B /* ContentView.swift */; };
		5A262D6729F6CE0800FEFE3B /* Assets.xcassets in Resources */ = {isa = PBXBuildFile; fileRef = 5A262D6629F6CE0800FEFE3B /* Assets.xcassets */; };
		5A262D6A29F6CE0800FEFE3B /* Preview Assets.xcassets in Resources */ = {isa = PBXBuildFile; fileRef = 5A262D6929F6CE0800FEFE3B /* Preview Assets.xcassets */; };
		5A262D6C29F6CE0800FEFE3B /* Persistence.swift in Sources */ = {isa = PBXBuildFile; fileRef = 5A262D6B29F6CE0800FEFE3B /* Persistence.swift */; };
		5A262D6F29F6CE0800FEFE3B /* basic_camera_app_with_core_data_syncing.xcdatamodeld in Sources */ = {isa = PBXBuildFile; fileRef = 5A262D6D29F6CE0800FEFE3B /* basic_camera_app_with_core_data_syncing.xcdatamodeld */; };
		5A262D7A29F6CFB000FEFE3B /* CameraPermission.swift in Sources */ = {isa = PBXBuildFile; fileRef = 5A262D7929F6CFB000FEFE3B /* CameraPermission.swift */; };
		5A262D7C29F6D07D00FEFE3B /* UIImageExtension.swift in Sources */ = {isa = PBXBuildFile; fileRef = 5A262D7B29F6D07D00FEFE3B /* UIImageExtension.swift */; };
		5A262D7E29F6D51700FEFE3B /* AVVideoCaptureOrientationExtension.swift in Sources */ = {isa = PBXBuildFile; fileRef = 5A262D7D29F6D51700FEFE3B /* AVVideoCaptureOrientationExtension.swift */; };
		5A262D8029F6D78D00FEFE3B /* ViewExtension.swift in Sources */ = {isa = PBXBuildFile; fileRef = 5A262D7F29F6D78D00FEFE3B /* ViewExtension.swift */; };
		5A262D8229F6D92C00FEFE3B /* CameraOutputDelegateModel.swift in Sources */ = {isa = PBXBuildFile; fileRef = 5A262D8129F6D92C00FEFE3B /* CameraOutputDelegateModel.swift */; };
		5A262D8429F6DD9700FEFE3B /* ShareSheetView.swift in Sources */ = {isa = PBXBuildFile; fileRef = 5A262D8329F6DD9700FEFE3B /* ShareSheetView.swift */; };
		5A262D8629F6DE7F00FEFE3B /* CustomPagingControlView.swift in Sources */ = {isa = PBXBuildFile; fileRef = 5A262D8529F6DE7F00FEFE3B /* CustomPagingControlView.swift */; };
		5A262D8829F70EF900FEFE3B /* DownSizeImageView.swift in Sources */ = {isa = PBXBuildFile; fileRef = 5A262D8729F70EF900FEFE3B /* DownSizeImageView.swift */; };
		5A262D8A29F717BC00FEFE3B /* CameraLayerView.swift in Sources */ = {isa = PBXBuildFile; fileRef = 5A262D8929F717BC00FEFE3B /* CameraLayerView.swift */; };
		5A262D8C29F7199C00FEFE3B /* ListPhotoView.swift in Sources */ = {isa = PBXBuildFile; fileRef = 5A262D8B29F7199C00FEFE3B /* ListPhotoView.swift */; };
		5A262D8E29F71B7600FEFE3B /* ExpandPhotoView.swift in Sources */ = {isa = PBXBuildFile; fileRef = 5A262D8D29F71B7600FEFE3B /* ExpandPhotoView.swift */; };
		5A262D9029F71CE200FEFE3B /* CameraView.swift in Sources */ = {isa = PBXBuildFile; fileRef = 5A262D8F29F71CE200FEFE3B /* CameraView.swift */; };
/* End PBXBuildFile section */

/* Begin PBXFileReference section */
		5A262D5F29F6CE0600FEFE3B /* basic-camera-app-with-core-data-syncing.app */ = {isa = PBXFileReference; explicitFileType = wrapper.application; includeInIndex = 0; path = "basic-camera-app-with-core-data-syncing.app"; sourceTree = BUILT_PRODUCTS_DIR; };
		5A262D6229F6CE0600FEFE3B /* BasicCoreDataCamera.swift */ = {isa = PBXFileReference; lastKnownFileType = sourcecode.swift; path = BasicCoreDataCamera.swift; sourceTree = "<group>"; };
		5A262D6429F6CE0600FEFE3B /* ContentView.swift */ = {isa = PBXFileReference; lastKnownFileType = sourcecode.swift; path = ContentView.swift; sourceTree = "<group>"; };
		5A262D6629F6CE0800FEFE3B /* Assets.xcassets */ = {isa = PBXFileReference; lastKnownFileType = folder.assetcatalog; path = Assets.xcassets; sourceTree = "<group>"; };
		5A262D6929F6CE0800FEFE3B /* Preview Assets.xcassets */ = {isa = PBXFileReference; lastKnownFileType = folder.assetcatalog; path = "Preview Assets.xcassets"; sourceTree = "<group>"; };
		5A262D6B29F6CE0800FEFE3B /* Persistence.swift */ = {isa = PBXFileReference; lastKnownFileType = sourcecode.swift; path = Persistence.swift; sourceTree = "<group>"; };
		5A262D6E29F6CE0800FEFE3B /* basic_camera_app_with_core_data_syncing.xcdatamodel */ = {isa = PBXFileReference; lastKnownFileType = wrapper.xcdatamodel; path = basic_camera_app_with_core_data_syncing.xcdatamodel; sourceTree = "<group>"; };
		5A262D7929F6CFB000FEFE3B /* CameraPermission.swift */ = {isa = PBXFileReference; lastKnownFileType = sourcecode.swift; path = CameraPermission.swift; sourceTree = "<group>"; };
		5A262D7B29F6D07D00FEFE3B /* UIImageExtension.swift */ = {isa = PBXFileReference; lastKnownFileType = sourcecode.swift; path = UIImageExtension.swift; sourceTree = "<group>"; };
		5A262D7D29F6D51700FEFE3B /* AVVideoCaptureOrientationExtension.swift */ = {isa = PBXFileReference; lastKnownFileType = sourcecode.swift; path = AVVideoCaptureOrientationExtension.swift; sourceTree = "<group>"; };
		5A262D7F29F6D78D00FEFE3B /* ViewExtension.swift */ = {isa = PBXFileReference; lastKnownFileType = sourcecode.swift; path = ViewExtension.swift; sourceTree = "<group>"; };
		5A262D8129F6D92C00FEFE3B /* CameraOutputDelegateModel.swift */ = {isa = PBXFileReference; lastKnownFileType = sourcecode.swift; path = CameraOutputDelegateModel.swift; sourceTree = "<group>"; };
		5A262D8329F6DD9700FEFE3B /* ShareSheetView.swift */ = {isa = PBXFileReference; lastKnownFileType = sourcecode.swift; path = ShareSheetView.swift; sourceTree = "<group>"; };
		5A262D8529F6DE7F00FEFE3B /* CustomPagingControlView.swift */ = {isa = PBXFileReference; lastKnownFileType = sourcecode.swift; path = CustomPagingControlView.swift; sourceTree = "<group>"; };
		5A262D8729F70EF900FEFE3B /* DownSizeImageView.swift */ = {isa = PBXFileReference; lastKnownFileType = sourcecode.swift; path = DownSizeImageView.swift; sourceTree = "<group>"; };
		5A262D8929F717BC00FEFE3B /* CameraLayerView.swift */ = {isa = PBXFileReference; lastKnownFileType = sourcecode.swift; path = CameraLayerView.swift; sourceTree = "<group>"; };
		5A262D8B29F7199C00FEFE3B /* ListPhotoView.swift */ = {isa = PBXFileReference; lastKnownFileType = sourcecode.swift; path = ListPhotoView.swift; sourceTree = "<group>"; };
		5A262D8D29F71B7600FEFE3B /* ExpandPhotoView.swift */ = {isa = PBXFileReference; lastKnownFileType = sourcecode.swift; path = ExpandPhotoView.swift; sourceTree = "<group>"; };
		5A262D8F29F71CE200FEFE3B /* CameraView.swift */ = {isa = PBXFileReference; lastKnownFileType = sourcecode.swift; path = CameraView.swift; sourceTree = "<group>"; };
/* End PBXFileReference section */

/* Begin PBXFrameworksBuildPhase section */
		5A262D5C29F6CE0600FEFE3B /* Frameworks */ = {
			isa = PBXFrameworksBuildPhase;
			buildActionMask = 2147483647;
			files = (
			);
			runOnlyForDeploymentPostprocessing = 0;
		};
/* End PBXFrameworksBuildPhase section */

/* Begin PBXGroup section */
		5A262D5629F6CE0600FEFE3B = {
			isa = PBXGroup;
			children = (
				5A262D6129F6CE0600FEFE3B /* basic-camera-app-with-core-data-syncing */,
				5A262D6029F6CE0600FEFE3B /* Products */,
			);
			sourceTree = "<group>";
		};
		5A262D6029F6CE0600FEFE3B /* Products */ = {
			isa = PBXGroup;
			children = (
				5A262D5F29F6CE0600FEFE3B /* basic-camera-app-with-core-data-syncing.app */,
			);
			name = Products;
			sourceTree = "<group>";
		};
		5A262D6129F6CE0600FEFE3B /* basic-camera-app-with-core-data-syncing */ = {
			isa = PBXGroup;
			children = (
				5A262D6229F6CE0600FEFE3B /* BasicCoreDataCamera.swift */,
				5A262D6429F6CE0600FEFE3B /* ContentView.swift */,
				5A262D6B29F6CE0800FEFE3B /* Persistence.swift */,
				5A262D6D29F6CE0800FEFE3B /* basic_camera_app_with_core_data_syncing.xcdatamodeld */,
				5A262D7729F6CF3A00FEFE3B /* Models */,
				5A262D7629F6CF3000FEFE3B /* Views */,
				5A262D7529F6CF2000FEFE3B /* ViewModels */,
				5A262D7829F6CF4800FEFE3B /* Helpers */,
				5A262D6629F6CE0800FEFE3B /* Assets.xcassets */,
				5A262D6829F6CE0800FEFE3B /* Preview Content */,
			);
			path = "basic-camera-app-with-core-data-syncing";
			sourceTree = "<group>";
		};
		5A262D6829F6CE0800FEFE3B /* Preview Content */ = {
			isa = PBXGroup;
			children = (
				5A262D6929F6CE0800FEFE3B /* Preview Assets.xcassets */,
			);
			path = "Preview Content";
			sourceTree = "<group>";
		};
		5A262D7529F6CF2000FEFE3B /* ViewModels */ = {
			isa = PBXGroup;
			children = (
				5A262D8129F6D92C00FEFE3B /* CameraOutputDelegateModel.swift */,
			);
			path = ViewModels;
			sourceTree = "<group>";
		};
		5A262D7629F6CF3000FEFE3B /* Views */ = {
			isa = PBXGroup;
			children = (
				5A262D8329F6DD9700FEFE3B /* ShareSheetView.swift */,
				5A262D8529F6DE7F00FEFE3B /* CustomPagingControlView.swift */,
				5A262D8729F70EF900FEFE3B /* DownSizeImageView.swift */,
				5A262D8929F717BC00FEFE3B /* CameraLayerView.swift */,
				5A262D8B29F7199C00FEFE3B /* ListPhotoView.swift */,
				5A262D8D29F71B7600FEFE3B /* ExpandPhotoView.swift */,
				5A262D8F29F71CE200FEFE3B /* CameraView.swift */,
			);
			path = Views;
			sourceTree = "<group>";
		};
		5A262D7729F6CF3A00FEFE3B /* Models */ = {
			isa = PBXGroup;
			children = (
				5A262D7929F6CFB000FEFE3B /* CameraPermission.swift */,
			);
			path = Models;
			sourceTree = "<group>";
		};
		5A262D7829F6CF4800FEFE3B /* Helpers */ = {
			isa = PBXGroup;
			children = (
				5A262D7B29F6D07D00FEFE3B /* UIImageExtension.swift */,
				5A262D7D29F6D51700FEFE3B /* AVVideoCaptureOrientationExtension.swift */,
				5A262D7F29F6D78D00FEFE3B /* ViewExtension.swift */,
			);
			path = Helpers;
			sourceTree = "<group>";
		};
/* End PBXGroup section */

/* Begin PBXNativeTarget section */
		5A262D5E29F6CE0600FEFE3B /* basic-camera-app-with-core-data-syncing */ = {
			isa = PBXNativeTarget;
			buildConfigurationList = 5A262D7229F6CE0800FEFE3B /* Build configuration list for PBXNativeTarget "basic-camera-app-with-core-data-syncing" */;
			buildPhases = (
				5A262D5B29F6CE0600FEFE3B /* Sources */,
				5A262D5C29F6CE0600FEFE3B /* Frameworks */,
				5A262D5D29F6CE0600FEFE3B /* Resources */,
			);
			buildRules = (
			);
			dependencies = (
			);
			name = "basic-camera-app-with-core-data-syncing";
			productName = "basic-camera-app-with-core-data-syncing";
			productReference = 5A262D5F29F6CE0600FEFE3B /* basic-camera-app-with-core-data-syncing.app */;
			productType = "com.apple.product-type.application";
		};
/* End PBXNativeTarget section */

/* Begin PBXProject section */
		5A262D5729F6CE0600FEFE3B /* Project object */ = {
			isa = PBXProject;
			attributes = {
				BuildIndependentTargetsInParallel = 1;
				LastSwiftUpdateCheck = 1420;
				LastUpgradeCheck = 1420;
				TargetAttributes = {
					5A262D5E29F6CE0600FEFE3B = {
						CreatedOnToolsVersion = 14.2;
					};
				};
			};
			buildConfigurationList = 5A262D5A29F6CE0600FEFE3B /* Build configuration list for PBXProject "basic-camera-app-with-core-data-syncing" */;
			compatibilityVersion = "Xcode 14.0";
			developmentRegion = en;
			hasScannedForEncodings = 0;
			knownRegions = (
				en,
				Base,
			);
			mainGroup = 5A262D5629F6CE0600FEFE3B;
			productRefGroup = 5A262D6029F6CE0600FEFE3B /* Products */;
			projectDirPath = "";
			projectRoot = "";
			targets = (
				5A262D5E29F6CE0600FEFE3B /* basic-camera-app-with-core-data-syncing */,
			);
		};
/* End PBXProject section */

/* Begin PBXResourcesBuildPhase section */
		5A262D5D29F6CE0600FEFE3B /* Resources */ = {
			isa = PBXResourcesBuildPhase;
			buildActionMask = 2147483647;
			files = (
				5A262D6A29F6CE0800FEFE3B /* Preview Assets.xcassets in Resources */,
				5A262D6729F6CE0800FEFE3B /* Assets.xcassets in Resources */,
			);
			runOnlyForDeploymentPostprocessing = 0;
		};
/* End PBXResourcesBuildPhase section */

/* Begin PBXSourcesBuildPhase section */
		5A262D5B29F6CE0600FEFE3B /* Sources */ = {
			isa = PBXSourcesBuildPhase;
			buildActionMask = 2147483647;
			files = (
				5A262D6F29F6CE0800FEFE3B /* basic_camera_app_with_core_data_syncing.xcdatamodeld in Sources */,
				5A262D8C29F7199C00FEFE3B /* ListPhotoView.swift in Sources */,
				5A262D6C29F6CE0800FEFE3B /* Persistence.swift in Sources */,
				5A262D8429F6DD9700FEFE3B /* ShareSheetView.swift in Sources */,
				5A262D8229F6D92C00FEFE3B /* CameraOutputDelegateModel.swift in Sources */,
				5A262D8629F6DE7F00FEFE3B /* CustomPagingControlView.swift in Sources */,
				5A262D7A29F6CFB000FEFE3B /* CameraPermission.swift in Sources */,
				5A262D8A29F717BC00FEFE3B /* CameraLayerView.swift in Sources */,
				5A262D6529F6CE0600FEFE3B /* ContentView.swift in Sources */,
				5A262D7E29F6D51700FEFE3B /* AVVideoCaptureOrientationExtension.swift in Sources */,
				5A262D6329F6CE0600FEFE3B /* BasicCoreDataCamera.swift in Sources */,
				5A262D8029F6D78D00FEFE3B /* ViewExtension.swift in Sources */,
				5A262D8E29F71B7600FEFE3B /* ExpandPhotoView.swift in Sources */,
				5A262D7C29F6D07D00FEFE3B /* UIImageExtension.swift in Sources */,
				5A262D8829F70EF900FEFE3B /* DownSizeImageView.swift in Sources */,
				5A262D9029F71CE200FEFE3B /* CameraView.swift in Sources */,
			);
			runOnlyForDeploymentPostprocessing = 0;
		};
/* End PBXSourcesBuildPhase section */

/* Begin XCBuildConfiguration section */
		5A262D7029F6CE0800FEFE3B /* Debug */ = {
			isa = XCBuildConfiguration;
			buildSettings = {
				ALWAYS_SEARCH_USER_PATHS = NO;
				CLANG_ANALYZER_NONNULL = YES;
				CLANG_ANALYZER_NUMBER_OBJECT_CONVERSION = YES_AGGRESSIVE;
				CLANG_CXX_LANGUAGE_STANDARD = "gnu++20";
				CLANG_ENABLE_MODULES = YES;
				CLANG_ENABLE_OBJC_ARC = YES;
				CLANG_ENABLE_OBJC_WEAK = YES;
				CLANG_WARN_BLOCK_CAPTURE_AUTORELEASING = YES;
				CLANG_WARN_BOOL_CONVERSION = YES;
				CLANG_WARN_COMMA = YES;
				CLANG_WARN_CONSTANT_CONVERSION = YES;
				CLANG_WARN_DEPRECATED_OBJC_IMPLEMENTATIONS = YES;
				CLANG_WARN_DIRECT_OBJC_ISA_USAGE = YES_ERROR;
				CLANG_WARN_DOCUMENTATION_COMMENTS = YES;
				CLANG_WARN_EMPTY_BODY = YES;
				CLANG_WARN_ENUM_CONVERSION = YES;
				CLANG_WARN_INFINITE_RECURSION = YES;
				CLANG_WARN_INT_CONVERSION = YES;
				CLANG_WARN_NON_LITERAL_NULL_CONVERSION = YES;
				CLANG_WARN_OBJC_IMPLICIT_RETAIN_SELF = YES;
				CLANG_WARN_OBJC_LITERAL_CONVERSION = YES;
				CLANG_WARN_OBJC_ROOT_CLASS = YES_ERROR;
				CLANG_WARN_QUOTED_INCLUDE_IN_FRAMEWORK_HEADER = YES;
				CLANG_WARN_RANGE_LOOP_ANALYSIS = YES;
				CLANG_WARN_STRICT_PROTOTYPES = YES;
				CLANG_WARN_SUSPICIOUS_MOVE = YES;
				CLANG_WARN_UNGUARDED_AVAILABILITY = YES_AGGRESSIVE;
				CLANG_WARN_UNREACHABLE_CODE = YES;
				CLANG_WARN__DUPLICATE_METHOD_MATCH = YES;
				COPY_PHASE_STRIP = NO;
				DEBUG_INFORMATION_FORMAT = dwarf;
				ENABLE_STRICT_OBJC_MSGSEND = YES;
				ENABLE_TESTABILITY = YES;
				GCC_C_LANGUAGE_STANDARD = gnu11;
				GCC_DYNAMIC_NO_PIC = NO;
				GCC_NO_COMMON_BLOCKS = YES;
				GCC_OPTIMIZATION_LEVEL = 0;
				GCC_PREPROCESSOR_DEFINITIONS = (
					"DEBUG=1",
					"$(inherited)",
				);
				GCC_WARN_64_TO_32_BIT_CONVERSION = YES;
				GCC_WARN_ABOUT_RETURN_TYPE = YES_ERROR;
				GCC_WARN_UNDECLARED_SELECTOR = YES;
				GCC_WARN_UNINITIALIZED_AUTOS = YES_AGGRESSIVE;
				GCC_WARN_UNUSED_FUNCTION = YES;
				GCC_WARN_UNUSED_VARIABLE = YES;
				IPHONEOS_DEPLOYMENT_TARGET = 16.2;
				MTL_ENABLE_DEBUG_INFO = INCLUDE_SOURCE;
				MTL_FAST_MATH = YES;
				ONLY_ACTIVE_ARCH = YES;
				SDKROOT = iphoneos;
				SWIFT_ACTIVE_COMPILATION_CONDITIONS = DEBUG;
				SWIFT_OPTIMIZATION_LEVEL = "-Onone";
			};
			name = Debug;
		};
		5A262D7129F6CE0800FEFE3B /* Release */ = {
			isa = XCBuildConfiguration;
			buildSettings = {
				ALWAYS_SEARCH_USER_PATHS = NO;
				CLANG_ANALYZER_NONNULL = YES;
				CLANG_ANALYZER_NUMBER_OBJECT_CONVERSION = YES_AGGRESSIVE;
				CLANG_CXX_LANGUAGE_STANDARD = "gnu++20";
				CLANG_ENABLE_MODULES = YES;
				CLANG_ENABLE_OBJC_ARC = YES;
				CLANG_ENABLE_OBJC_WEAK = YES;
				CLANG_WARN_BLOCK_CAPTURE_AUTORELEASING = YES;
				CLANG_WARN_BOOL_CONVERSION = YES;
				CLANG_WARN_COMMA = YES;
				CLANG_WARN_CONSTANT_CONVERSION = YES;
				CLANG_WARN_DEPRECATED_OBJC_IMPLEMENTATIONS = YES;
				CLANG_WARN_DIRECT_OBJC_ISA_USAGE = YES_ERROR;
				CLANG_WARN_DOCUMENTATION_COMMENTS = YES;
				CLANG_WARN_EMPTY_BODY = YES;
				CLANG_WARN_ENUM_CONVERSION = YES;
				CLANG_WARN_INFINITE_RECURSION = YES;
				CLANG_WARN_INT_CONVERSION = YES;
				CLANG_WARN_NON_LITERAL_NULL_CONVERSION = YES;
				CLANG_WARN_OBJC_IMPLICIT_RETAIN_SELF = YES;
				CLANG_WARN_OBJC_LITERAL_CONVERSION = YES;
				CLANG_WARN_OBJC_ROOT_CLASS = YES_ERROR;
				CLANG_WARN_QUOTED_INCLUDE_IN_FRAMEWORK_HEADER = YES;
				CLANG_WARN_RANGE_LOOP_ANALYSIS = YES;
				CLANG_WARN_STRICT_PROTOTYPES = YES;
				CLANG_WARN_SUSPICIOUS_MOVE = YES;
				CLANG_WARN_UNGUARDED_AVAILABILITY = YES_AGGRESSIVE;
				CLANG_WARN_UNREACHABLE_CODE = YES;
				CLANG_WARN__DUPLICATE_METHOD_MATCH = YES;
				COPY_PHASE_STRIP = NO;
				DEBUG_INFORMATION_FORMAT = "dwarf-with-dsym";
				ENABLE_NS_ASSERTIONS = NO;
				ENABLE_STRICT_OBJC_MSGSEND = YES;
				GCC_C_LANGUAGE_STANDARD = gnu11;
				GCC_NO_COMMON_BLOCKS = YES;
				GCC_WARN_64_TO_32_BIT_CONVERSION = YES;
				GCC_WARN_ABOUT_RETURN_TYPE = YES_ERROR;
				GCC_WARN_UNDECLARED_SELECTOR = YES;
				GCC_WARN_UNINITIALIZED_AUTOS = YES_AGGRESSIVE;
				GCC_WARN_UNUSED_FUNCTION = YES;
				GCC_WARN_UNUSED_VARIABLE = YES;
				IPHONEOS_DEPLOYMENT_TARGET = 16.2;
				MTL_ENABLE_DEBUG_INFO = NO;
				MTL_FAST_MATH = YES;
				SDKROOT = iphoneos;
				SWIFT_COMPILATION_MODE = wholemodule;
				SWIFT_OPTIMIZATION_LEVEL = "-O";
				VALIDATE_PRODUCT = YES;
			};
			name = Release;
		};
		5A262D7329F6CE0800FEFE3B /* Debug */ = {
			isa = XCBuildConfiguration;
			buildSettings = {
				ASSETCATALOG_COMPILER_APPICON_NAME = AppIcon;
				ASSETCATALOG_COMPILER_GLOBAL_ACCENT_COLOR_NAME = AccentColor;
				CODE_SIGN_STYLE = Automatic;
				CURRENT_PROJECT_VERSION = 1;
				DEVELOPMENT_ASSET_PATHS = "\"basic-camera-app-with-core-data-syncing/Preview Content\"";
				DEVELOPMENT_TEAM = 94P9U8H695;
				ENABLE_PREVIEWS = YES;
				GENERATE_INFOPLIST_FILE = YES;
				INFOPLIST_KEY_NSCameraUsageDescription = "";
				INFOPLIST_KEY_NSPhotoLibraryUsageDescription = "";
				INFOPLIST_KEY_UIApplicationSceneManifest_Generation = YES;
				INFOPLIST_KEY_UIApplicationSupportsIndirectInputEvents = YES;
				INFOPLIST_KEY_UILaunchScreen_Generation = YES;
				INFOPLIST_KEY_UISupportedInterfaceOrientations = UIInterfaceOrientationPortrait;
				INFOPLIST_KEY_UISupportedInterfaceOrientations_iPad = "UIInterfaceOrientationLandscapeLeft UIInterfaceOrientationLandscapeRight UIInterfaceOrientationPortrait UIInterfaceOrientationPortraitUpsideDown";
				IPHONEOS_DEPLOYMENT_TARGET = 16.0;
				LD_RUNPATH_SEARCH_PATHS = (
					"$(inherited)",
					"@executable_path/Frameworks",
				);
				MARKETING_VERSION = 1.0;
				PRODUCT_BUNDLE_IDENTIFIER = "RP.basic-camera-app-with-core-data-syncing";
				PRODUCT_NAME = "$(TARGET_NAME)";
				SUPPORTED_PLATFORMS = "iphoneos iphonesimulator";
				SUPPORTS_MACCATALYST = NO;
				SUPPORTS_MAC_DESIGNED_FOR_IPHONE_IPAD = NO;
				SWIFT_EMIT_LOC_STRINGS = YES;
				SWIFT_VERSION = 5.0;
				TARGETED_DEVICE_FAMILY = 1;
			};
			name = Debug;
		};
		5A262D7429F6CE0800FEFE3B /* Release */ = {
			isa = XCBuildConfiguration;
			buildSettings = {
				ASSETCATALOG_COMPILER_APPICON_NAME = AppIcon;
				ASSETCATALOG_COMPILER_GLOBAL_ACCENT_COLOR_NAME = AccentColor;
				CODE_SIGN_STYLE = Automatic;
				CURRENT_PROJECT_VERSION = 1;
				DEVELOPMENT_ASSET_PATHS = "\"basic-camera-app-with-core-data-syncing/Preview Content\"";
				DEVELOPMENT_TEAM = 94P9U8H695;
				ENABLE_PREVIEWS = YES;
				GENERATE_INFOPLIST_FILE = YES;
				INFOPLIST_KEY_NSCameraUsageDescription = "";
				INFOPLIST_KEY_NSPhotoLibraryUsageDescription = "";
				INFOPLIST_KEY_UIApplicationSceneManifest_Generation = YES;
				INFOPLIST_KEY_UIApplicationSupportsIndirectInputEvents = YES;
				INFOPLIST_KEY_UILaunchScreen_Generation = YES;
				INFOPLIST_KEY_UISupportedInterfaceOrientations = UIInterfaceOrientationPortrait;
				INFOPLIST_KEY_UISupportedInterfaceOrientations_iPad = "UIInterfaceOrientationLandscapeLeft UIInterfaceOrientationLandscapeRight UIInterfaceOrientationPortrait UIInterfaceOrientationPortraitUpsideDown";
				IPHONEOS_DEPLOYMENT_TARGET = 16.0;
				LD_RUNPATH_SEARCH_PATHS = (
					"$(inherited)",
					"@executable_path/Frameworks",
				);
				MARKETING_VERSION = 1.0;
				PRODUCT_BUNDLE_IDENTIFIER = "RP.basic-camera-app-with-core-data-syncing";
				PRODUCT_NAME = "$(TARGET_NAME)";
				SUPPORTED_PLATFORMS = "iphoneos iphonesimulator";
				SUPPORTS_MACCATALYST = NO;
				SUPPORTS_MAC_DESIGNED_FOR_IPHONE_IPAD = NO;
				SWIFT_EMIT_LOC_STRINGS = YES;
				SWIFT_VERSION = 5.0;
				TARGETED_DEVICE_FAMILY = 1;
			};
			name = Release;
		};
/* End XCBuildConfiguration section */

/* Begin XCConfigurationList section */
		5A262D5A29F6CE0600FEFE3B /* Build configuration list for PBXProject "basic-camera-app-with-core-data-syncing" */ = {
			isa = XCConfigurationList;
			buildConfigurations = (
				5A262D7029F6CE0800FEFE3B /* Debug */,
				5A262D7129F6CE0800FEFE3B /* Release */,
			);
			defaultConfigurationIsVisible = 0;
			defaultConfigurationName = Release;
		};
		5A262D7229F6CE0800FEFE3B /* Build configuration list for PBXNativeTarget "basic-camera-app-with-core-data-syncing" */ = {
			isa = XCConfigurationList;
			buildConfigurations = (
				5A262D7329F6CE0800FEFE3B /* Debug */,
				5A262D7429F6CE0800FEFE3B /* Release */,
			);
			defaultConfigurationIsVisible = 0;
			defaultConfigurationName = Release;
		};
/* End XCConfigurationList section */

/* Begin XCVersionGroup section */
		5A262D6D29F6CE0800FEFE3B /* basic_camera_app_with_core_data_syncing.xcdatamodeld */ = {
			isa = XCVersionGroup;
			children = (
				5A262D6E29F6CE0800FEFE3B /* basic_camera_app_with_core_data_syncing.xcdatamodel */,
			);
			currentVersion = 5A262D6E29F6CE0800FEFE3B /* basic_camera_app_with_core_data_syncing.xcdatamodel */;
			path = basic_camera_app_with_core_data_syncing.xcdatamodeld;
			sourceTree = "<group>";
			versionGroupType = wrapper.xcdatamodel;
		};
/* End XCVersionGroup section */
	};
	rootObject = 5A262D5729F6CE0600FEFE3B /* Project object */;
}
